// !$*UTF8*$!
{
	archiveVersion = 1;
	classes = {
	};
	objectVersion = 45;
	objects = {

/* Begin PBXBuildFile section */
		1D3623260D0F684500981E51 /* TestAppAppDelegate.m in Sources */ = {isa = PBXBuildFile; fileRef = 1D3623250D0F684500981E51 /* TestAppAppDelegate.m */; };
		1D60589B0D05DD56006BFB54 /* main.m in Sources */ = {isa = PBXBuildFile; fileRef = 29B97316FDCFA39411CA2CEA /* main.m */; };
		1D60589F0D05DD5A006BFB54 /* Foundation.framework in Frameworks */ = {isa = PBXBuildFile; fileRef = 1D30AB110D05D00D00671497 /* Foundation.framework */; };
		1DF5F4E00D08C38300B7A737 /* UIKit.framework in Frameworks */ = {isa = PBXBuildFile; fileRef = 1DF5F4DF0D08C38300B7A737 /* UIKit.framework */; };
		2892E4100DC94CBA00A64D0F /* CoreGraphics.framework in Frameworks */ = {isa = PBXBuildFile; fileRef = 2892E40F0DC94CBA00A64D0F /* CoreGraphics.framework */; };
		28AD73600D9D9599002E5188 /* MainWindow.xib in Resources */ = {isa = PBXBuildFile; fileRef = 28AD735F0D9D9599002E5188 /* MainWindow.xib */; };
		28C286E10D94DF7D0034E888 /* RootViewController.m in Sources */ = {isa = PBXBuildFile; fileRef = 28C286E00D94DF7D0034E888 /* RootViewController.m */; };
		28F335F11007B36200424DE2 /* RootViewController.xib in Resources */ = {isa = PBXBuildFile; fileRef = 28F335F01007B36200424DE2 /* RootViewController.xib */; };
		DA054F6E125DDD3600660097 /* CFNetwork.framework in Frameworks */ = {isa = PBXBuildFile; fileRef = DA054F6D125DDD3600660097 /* CFNetwork.framework */; };
		DA210A7C126207A400FBBE35 /* Default.png in Resources */ = {isa = PBXBuildFile; fileRef = DA210A7A126207A400FBBE35 /* Default.png */; };
		DA210A7D126207A400FBBE35 /* Icon.png in Resources */ = {isa = PBXBuildFile; fileRef = DA210A7B126207A400FBBE35 /* Icon.png */; };
		DA210A81126207AE00FBBE35 /* Default.png in Resources */ = {isa = PBXBuildFile; fileRef = DA210A7F126207AE00FBBE35 /* Default.png */; };
		DA210A82126207AE00FBBE35 /* Icon.png in Resources */ = {isa = PBXBuildFile; fileRef = DA210A80126207AE00FBBE35 /* Icon.png */; };
		DA210A8F126207D000FBBE35 /* AppDelegate.m in Sources */ = {isa = PBXBuildFile; fileRef = DA44B0121261FFBF000F7374 /* AppDelegate.m */; };
		DA210AD312620AC100FBBE35 /* calculator.png in Resources */ = {isa = PBXBuildFile; fileRef = DA210AD112620AC100FBBE35 /* calculator.png */; };
		DA210AD412620AC100FBBE35 /* trend.png in Resources */ = {isa = PBXBuildFile; fileRef = DA210AD212620AC100FBBE35 /* trend.png */; };
		DA44AF4D1261FC68000F7374 /* RootViewController.xib in Resources */ = {isa = PBXBuildFile; fileRef = 28F335F01007B36200424DE2 /* RootViewController.xib */; };
		DA44AF4E1261FC68000F7374 /* README in Resources */ = {isa = PBXBuildFile; fileRef = DAEBFD1C125B7B610070A3A7 /* README */; };
		DA44AF4F1261FC68000F7374 /* UIControlViewController.xib in Resources */ = {isa = PBXBuildFile; fileRef = DADD7EE41260AE2C0040E482 /* UIControlViewController.xib */; };
		DA44AF501261FC68000F7374 /* InfoPlist.strings in Resources */ = {isa = PBXBuildFile; fileRef = DAA63F601261AC140010F870 /* InfoPlist.strings */; };
		DA44AF511261FC68000F7374 /* Localizable.strings in Resources */ = {isa = PBXBuildFile; fileRef = DAA63F621261AC140010F870 /* Localizable.strings */; };
		DA44AF531261FC68000F7374 /* main.m in Sources */ = {isa = PBXBuildFile; fileRef = 29B97316FDCFA39411CA2CEA /* main.m */; };
		DA44AF541261FC68000F7374 /* TestAppAppDelegate.m in Sources */ = {isa = PBXBuildFile; fileRef = 1D3623250D0F684500981E51 /* TestAppAppDelegate.m */; };
		DA44AF551261FC68000F7374 /* RootViewController.m in Sources */ = {isa = PBXBuildFile; fileRef = 28C286E00D94DF7D0034E888 /* RootViewController.m */; };
		DA44AF8B1261FC68000F7374 /* UIControlViewController.m in Sources */ = {isa = PBXBuildFile; fileRef = DADD7EE31260AE2C0040E482 /* UIControlViewController.m */; };
		DA44AF8D1261FC68000F7374 /* Foundation.framework in Frameworks */ = {isa = PBXBuildFile; fileRef = 1D30AB110D05D00D00671497 /* Foundation.framework */; };
		DA44AF8E1261FC68000F7374 /* UIKit.framework in Frameworks */ = {isa = PBXBuildFile; fileRef = 1DF5F4DF0D08C38300B7A737 /* UIKit.framework */; };
		DA44AF8F1261FC68000F7374 /* CoreGraphics.framework in Frameworks */ = {isa = PBXBuildFile; fileRef = 2892E40F0DC94CBA00A64D0F /* CoreGraphics.framework */; };
		DA44AF901261FC68000F7374 /* CFNetwork.framework in Frameworks */ = {isa = PBXBuildFile; fileRef = DA054F6D125DDD3600660097 /* CFNetwork.framework */; };
		DA44AF9A1261FCD6000F7374 /* TabBarMainWindow.xib in Resources */ = {isa = PBXBuildFile; fileRef = DA44AF991261FCD6000F7374 /* TabBarMainWindow.xib */; };
		DA44AFAF1261FDA5000F7374 /* TabBarAppAppDelegate.m in Sources */ = {isa = PBXBuildFile; fileRef = DA44AFAE1261FDA5000F7374 /* TabBarAppAppDelegate.m */; };
		DA44B0131261FFBF000F7374 /* AppDelegate.m in Sources */ = {isa = PBXBuildFile; fileRef = DA44B0121261FFBF000F7374 /* AppDelegate.m */; };
		DAA63F681261AC140010F870 /* InfoPlist.strings in Resources */ = {isa = PBXBuildFile; fileRef = DAA63F601261AC140010F870 /* InfoPlist.strings */; };
		DAA63F691261AC140010F870 /* Localizable.strings in Resources */ = {isa = PBXBuildFile; fileRef = DAA63F621261AC140010F870 /* Localizable.strings */; };
		DACAAFA712629000006DA76D /* Async.m in Sources */ = {isa = PBXBuildFile; fileRef = DACAAF4312629000006DA76D /* Async.m */; };
		DACAAFA812629000006DA76D /* NSArrayBlock.m in Sources */ = {isa = PBXBuildFile; fileRef = DACAAF4512629000006DA76D /* NSArrayBlock.m */; };
		DACAAFA912629000006DA76D /* NSDictionaryBlock.m in Sources */ = {isa = PBXBuildFile; fileRef = DACAAF4712629000006DA76D /* NSDictionaryBlock.m */; };
		DACAAFAA12629000006DA76D /* NSNumberBlock.m in Sources */ = {isa = PBXBuildFile; fileRef = DACAAF4912629000006DA76D /* NSNumberBlock.m */; };
		DACAAFAB12629000006DA76D /* NSObjectObserverExt.m in Sources */ = {isa = PBXBuildFile; fileRef = DACAAF4C12629000006DA76D /* NSObjectObserverExt.m */; };
		DACAAFAC12629000006DA76D /* Observer.m in Sources */ = {isa = PBXBuildFile; fileRef = DACAAF4E12629000006DA76D /* Observer.m */; };
		DACAAFAD12629000006DA76D /* ObserverManager.m in Sources */ = {isa = PBXBuildFile; fileRef = DACAAF5012629000006DA76D /* ObserverManager.m */; };
		DACAAFAE12629000006DA76D /* ProxyMutableDictionary.m in Sources */ = {isa = PBXBuildFile; fileRef = DACAAF5212629000006DA76D /* ProxyMutableDictionary.m */; };
		DACAAFB012629000006DA76D /* CommandManager.m in Sources */ = {isa = PBXBuildFile; fileRef = DACAAF5712629000006DA76D /* CommandManager.m */; };
		DACAAFB112629000006DA76D /* ConsoleManager.m in Sources */ = {isa = PBXBuildFile; fileRef = DACAAF5912629000006DA76D /* ConsoleManager.m */; };
		DACAAFB212629000006DA76D /* NSObjectSetValueFromString.m in Sources */ = {isa = PBXBuildFile; fileRef = DACAAF5B12629000006DA76D /* NSObjectSetValueFromString.m */; };
		DACAAFB312629000006DA76D /* NSObjectValueToString.m in Sources */ = {isa = PBXBuildFile; fileRef = DACAAF5D12629000006DA76D /* NSObjectValueToString.m */; };
		DACAAFB412629000006DA76D /* ConsoleResponseHandler.m in Sources */ = {isa = PBXBuildFile; fileRef = DACAAF6112629000006DA76D /* ConsoleResponseHandler.m */; };
		DACAAFB512629000006DA76D /* HTTPResponseHandler.m in Sources */ = {isa = PBXBuildFile; fileRef = DACAAF6312629000006DA76D /* HTTPResponseHandler.m */; };
		DACAAFB612629000006DA76D /* ImageResponseHandler.m in Sources */ = {isa = PBXBuildFile; fileRef = DACAAF6512629000006DA76D /* ImageResponseHandler.m */; };
		DACAAFB712629000006DA76D /* WebResponseHandler.m in Sources */ = {isa = PBXBuildFile; fileRef = DACAAF6712629000006DA76D /* WebResponseHandler.m */; };
		DACAAFB812629000006DA76D /* AsyncSocket.m in Sources */ = {isa = PBXBuildFile; fileRef = DACAAF6A12629000006DA76D /* AsyncSocket.m */; };
		DACAAFB912629000006DA76D /* HTTPServer.m in Sources */ = {isa = PBXBuildFile; fileRef = DACAAF6C12629000006DA76D /* HTTPServer.m */; };
		DACAAFBA12629000006DA76D /* LoggerServer.m in Sources */ = {isa = PBXBuildFile; fileRef = DACAAF6E12629000006DA76D /* LoggerServer.m */; };
		DACAAFBE12629000006DA76D /* GeometryExt.m in Sources */ = {isa = PBXBuildFile; fileRef = DACAAF7612629000006DA76D /* GeometryExt.m */; };
		DACAAFBF12629000006DA76D /* NSArrayExt.m in Sources */ = {isa = PBXBuildFile; fileRef = DACAAF7912629000006DA76D /* NSArrayExt.m */; };
		DACAAFC012629000006DA76D /* NSBundleExt.m in Sources */ = {isa = PBXBuildFile; fileRef = DACAAF7B12629000006DA76D /* NSBundleExt.m */; };
		DACAAFC112629000006DA76D /* NSDataExt.m in Sources */ = {isa = PBXBuildFile; fileRef = DACAAF7D12629000006DA76D /* NSDataExt.m */; };
		DACAAFC212629000006DA76D /* NSDateExt.m in Sources */ = {isa = PBXBuildFile; fileRef = DACAAF7F12629000006DA76D /* NSDateExt.m */; };
		DACAAFC312629000006DA76D /* NSDictionaryExt.m in Sources */ = {isa = PBXBuildFile; fileRef = DACAAF8112629000006DA76D /* NSDictionaryExt.m */; };
		DACAAFC412629000006DA76D /* NSIndexPathExt.m in Sources */ = {isa = PBXBuildFile; fileRef = DACAAF8312629000006DA76D /* NSIndexPathExt.m */; };
		DACAAFC512629000006DA76D /* NSMutableArrayExt.m in Sources */ = {isa = PBXBuildFile; fileRef = DACAAF8612629000006DA76D /* NSMutableArrayExt.m */; };
		DACAAFC612629000006DA76D /* NSMutableDictionaryExt.m in Sources */ = {isa = PBXBuildFile; fileRef = DACAAF8812629000006DA76D /* NSMutableDictionaryExt.m */; };
		DACAAFC712629000006DA76D /* NSNumberExt.m in Sources */ = {isa = PBXBuildFile; fileRef = DACAAF8A12629000006DA76D /* NSNumberExt.m */; };
		DACAAFC812629000006DA76D /* NSObjectExt.m in Sources */ = {isa = PBXBuildFile; fileRef = DACAAF8C12629000006DA76D /* NSObjectExt.m */; };
		DACAAFC912629000006DA76D /* NSStringExt.m in Sources */ = {isa = PBXBuildFile; fileRef = DACAAF8E12629000006DA76D /* NSStringExt.m */; };
		DACAAFCA12629000006DA76D /* NSTimerExt.m in Sources */ = {isa = PBXBuildFile; fileRef = DACAAF9012629000006DA76D /* NSTimerExt.m */; };
		DACAAFCB12629000006DA76D /* UIActionSheetBlock.m in Sources */ = {isa = PBXBuildFile; fileRef = DACAAF9412629000006DA76D /* UIActionSheetBlock.m */; };
		DACAAFCC12629000006DA76D /* UIAlertViewBlock.m in Sources */ = {isa = PBXBuildFile; fileRef = DACAAF9612629000006DA76D /* UIAlertViewBlock.m */; };
		DACAAFCD12629000006DA76D /* UIBarButtonItemBlock.m in Sources */ = {isa = PBXBuildFile; fileRef = DACAAF9812629000006DA76D /* UIBarButtonItemBlock.m */; };
		DACAAFCE12629000006DA76D /* UIButtonBlock.m in Sources */ = {isa = PBXBuildFile; fileRef = DACAAF9A12629000006DA76D /* UIButtonBlock.m */; };
		DACAAFD012629000006DA76D /* UIViewBlock.m in Sources */ = {isa = PBXBuildFile; fileRef = DACAAF9E12629000006DA76D /* UIViewBlock.m */; };
		DACAAFD112629000006DA76D /* Inspect.m in Sources */ = {isa = PBXBuildFile; fileRef = DACAAFA112629000006DA76D /* Inspect.m */; };
		DACAAFD212629000006DA76D /* Logger.m in Sources */ = {isa = PBXBuildFile; fileRef = DACAAFA312629000006DA76D /* Logger.m */; };
		DACAAFD312629000006DA76D /* UnitTest.m in Sources */ = {isa = PBXBuildFile; fileRef = DACAAFA512629000006DA76D /* UnitTest.m */; };
		DACAAFD412629000006DA76D /* Async.m in Sources */ = {isa = PBXBuildFile; fileRef = DACAAF4312629000006DA76D /* Async.m */; };
		DACAAFD512629000006DA76D /* NSArrayBlock.m in Sources */ = {isa = PBXBuildFile; fileRef = DACAAF4512629000006DA76D /* NSArrayBlock.m */; };
		DACAAFD612629000006DA76D /* NSDictionaryBlock.m in Sources */ = {isa = PBXBuildFile; fileRef = DACAAF4712629000006DA76D /* NSDictionaryBlock.m */; };
		DACAAFD712629000006DA76D /* NSNumberBlock.m in Sources */ = {isa = PBXBuildFile; fileRef = DACAAF4912629000006DA76D /* NSNumberBlock.m */; };
		DACAAFD812629000006DA76D /* NSObjectObserverExt.m in Sources */ = {isa = PBXBuildFile; fileRef = DACAAF4C12629000006DA76D /* NSObjectObserverExt.m */; };
		DACAAFD912629000006DA76D /* Observer.m in Sources */ = {isa = PBXBuildFile; fileRef = DACAAF4E12629000006DA76D /* Observer.m */; };
		DACAAFDA12629000006DA76D /* ObserverManager.m in Sources */ = {isa = PBXBuildFile; fileRef = DACAAF5012629000006DA76D /* ObserverManager.m */; };
		DACAAFDB12629000006DA76D /* ProxyMutableDictionary.m in Sources */ = {isa = PBXBuildFile; fileRef = DACAAF5212629000006DA76D /* ProxyMutableDictionary.m */; };
		DACAAFDD12629000006DA76D /* CommandManager.m in Sources */ = {isa = PBXBuildFile; fileRef = DACAAF5712629000006DA76D /* CommandManager.m */; };
		DACAAFDE12629000006DA76D /* ConsoleManager.m in Sources */ = {isa = PBXBuildFile; fileRef = DACAAF5912629000006DA76D /* ConsoleManager.m */; };
		DACAAFDF12629000006DA76D /* NSObjectSetValueFromString.m in Sources */ = {isa = PBXBuildFile; fileRef = DACAAF5B12629000006DA76D /* NSObjectSetValueFromString.m */; };
		DACAAFE012629000006DA76D /* NSObjectValueToString.m in Sources */ = {isa = PBXBuildFile; fileRef = DACAAF5D12629000006DA76D /* NSObjectValueToString.m */; };
		DACAAFE112629000006DA76D /* ConsoleResponseHandler.m in Sources */ = {isa = PBXBuildFile; fileRef = DACAAF6112629000006DA76D /* ConsoleResponseHandler.m */; };
		DACAAFE212629000006DA76D /* HTTPResponseHandler.m in Sources */ = {isa = PBXBuildFile; fileRef = DACAAF6312629000006DA76D /* HTTPResponseHandler.m */; };
		DACAAFE312629000006DA76D /* ImageResponseHandler.m in Sources */ = {isa = PBXBuildFile; fileRef = DACAAF6512629000006DA76D /* ImageResponseHandler.m */; };
		DACAAFE412629000006DA76D /* WebResponseHandler.m in Sources */ = {isa = PBXBuildFile; fileRef = DACAAF6712629000006DA76D /* WebResponseHandler.m */; };
		DACAAFE512629000006DA76D /* AsyncSocket.m in Sources */ = {isa = PBXBuildFile; fileRef = DACAAF6A12629000006DA76D /* AsyncSocket.m */; };
		DACAAFE612629000006DA76D /* HTTPServer.m in Sources */ = {isa = PBXBuildFile; fileRef = DACAAF6C12629000006DA76D /* HTTPServer.m */; };
		DACAAFE712629000006DA76D /* LoggerServer.m in Sources */ = {isa = PBXBuildFile; fileRef = DACAAF6E12629000006DA76D /* LoggerServer.m */; };
		DACAAFEB12629000006DA76D /* GeometryExt.m in Sources */ = {isa = PBXBuildFile; fileRef = DACAAF7612629000006DA76D /* GeometryExt.m */; };
		DACAAFEC12629000006DA76D /* NSArrayExt.m in Sources */ = {isa = PBXBuildFile; fileRef = DACAAF7912629000006DA76D /* NSArrayExt.m */; };
		DACAAFED12629000006DA76D /* NSBundleExt.m in Sources */ = {isa = PBXBuildFile; fileRef = DACAAF7B12629000006DA76D /* NSBundleExt.m */; };
		DACAAFEE12629000006DA76D /* NSDataExt.m in Sources */ = {isa = PBXBuildFile; fileRef = DACAAF7D12629000006DA76D /* NSDataExt.m */; };
		DACAAFEF12629000006DA76D /* NSDateExt.m in Sources */ = {isa = PBXBuildFile; fileRef = DACAAF7F12629000006DA76D /* NSDateExt.m */; };
		DACAAFF012629000006DA76D /* NSDictionaryExt.m in Sources */ = {isa = PBXBuildFile; fileRef = DACAAF8112629000006DA76D /* NSDictionaryExt.m */; };
		DACAAFF112629000006DA76D /* NSIndexPathExt.m in Sources */ = {isa = PBXBuildFile; fileRef = DACAAF8312629000006DA76D /* NSIndexPathExt.m */; };
		DACAAFF212629000006DA76D /* NSMutableArrayExt.m in Sources */ = {isa = PBXBuildFile; fileRef = DACAAF8612629000006DA76D /* NSMutableArrayExt.m */; };
		DACAAFF312629000006DA76D /* NSMutableDictionaryExt.m in Sources */ = {isa = PBXBuildFile; fileRef = DACAAF8812629000006DA76D /* NSMutableDictionaryExt.m */; };
		DACAAFF412629000006DA76D /* NSNumberExt.m in Sources */ = {isa = PBXBuildFile; fileRef = DACAAF8A12629000006DA76D /* NSNumberExt.m */; };
		DACAAFF512629000006DA76D /* NSObjectExt.m in Sources */ = {isa = PBXBuildFile; fileRef = DACAAF8C12629000006DA76D /* NSObjectExt.m */; };
		DACAAFF612629000006DA76D /* NSStringExt.m in Sources */ = {isa = PBXBuildFile; fileRef = DACAAF8E12629000006DA76D /* NSStringExt.m */; };
		DACAAFF712629000006DA76D /* NSTimerExt.m in Sources */ = {isa = PBXBuildFile; fileRef = DACAAF9012629000006DA76D /* NSTimerExt.m */; };
		DACAAFF812629000006DA76D /* UIActionSheetBlock.m in Sources */ = {isa = PBXBuildFile; fileRef = DACAAF9412629000006DA76D /* UIActionSheetBlock.m */; };
		DACAAFF912629000006DA76D /* UIAlertViewBlock.m in Sources */ = {isa = PBXBuildFile; fileRef = DACAAF9612629000006DA76D /* UIAlertViewBlock.m */; };
		DACAAFFA12629000006DA76D /* UIBarButtonItemBlock.m in Sources */ = {isa = PBXBuildFile; fileRef = DACAAF9812629000006DA76D /* UIBarButtonItemBlock.m */; };
		DACAAFFB12629000006DA76D /* UIButtonBlock.m in Sources */ = {isa = PBXBuildFile; fileRef = DACAAF9A12629000006DA76D /* UIButtonBlock.m */; };
		DACAAFFD12629000006DA76D /* UIViewBlock.m in Sources */ = {isa = PBXBuildFile; fileRef = DACAAF9E12629000006DA76D /* UIViewBlock.m */; };
		DACAAFFE12629000006DA76D /* Inspect.m in Sources */ = {isa = PBXBuildFile; fileRef = DACAAFA112629000006DA76D /* Inspect.m */; };
		DACAAFFF12629000006DA76D /* Logger.m in Sources */ = {isa = PBXBuildFile; fileRef = DACAAFA312629000006DA76D /* Logger.m */; };
		DACAB00012629000006DA76D /* UnitTest.m in Sources */ = {isa = PBXBuildFile; fileRef = DACAAFA512629000006DA76D /* UnitTest.m */; };
		DACAB01812629054006DA76D /* TestActionSheetBlock.m in Sources */ = {isa = PBXBuildFile; fileRef = DACAB00512629054006DA76D /* TestActionSheetBlock.m */; };
		DACAB01912629054006DA76D /* TestArrayBlock.m in Sources */ = {isa = PBXBuildFile; fileRef = DACAB00612629054006DA76D /* TestArrayBlock.m */; };
		DACAB01A12629054006DA76D /* TestAsync.m in Sources */ = {isa = PBXBuildFile; fileRef = DACAB00712629054006DA76D /* TestAsync.m */; };
		DACAB01B12629054006DA76D /* TestBlock.m in Sources */ = {isa = PBXBuildFile; fileRef = DACAB00812629054006DA76D /* TestBlock.m */; };
		DACAB01C12629054006DA76D /* TestDictionaryBlock.m in Sources */ = {isa = PBXBuildFile; fileRef = DACAB00912629054006DA76D /* TestDictionaryBlock.m */; };
		DACAB01D12629054006DA76D /* TestNumberBlock.m in Sources */ = {isa = PBXBuildFile; fileRef = DACAB00A12629054006DA76D /* TestNumberBlock.m */; };
		DACAB01E12629054006DA76D /* TestObserver.m in Sources */ = {isa = PBXBuildFile; fileRef = DACAB00C12629054006DA76D /* TestObserver.m */; };
		DACAB01F12629054006DA76D /* TestView.m in Sources */ = {isa = PBXBuildFile; fileRef = DACAB00D12629054006DA76D /* TestView.m */; };
		DACAB02012629054006DA76D /* TestConsole.m in Sources */ = {isa = PBXBuildFile; fileRef = DACAB01012629054006DA76D /* TestConsole.m */; };
		DACAB02112629054006DA76D /* TestArray.m in Sources */ = {isa = PBXBuildFile; fileRef = DACAB01212629054006DA76D /* TestArray.m */; };
		DACAB02212629054006DA76D /* TestDate.m in Sources */ = {isa = PBXBuildFile; fileRef = DACAB01312629054006DA76D /* TestDate.m */; };
		DACAB02312629054006DA76D /* TestDictionary.m in Sources */ = {isa = PBXBuildFile; fileRef = DACAB01412629054006DA76D /* TestDictionary.m */; };
		DACAB02412629054006DA76D /* TestNumber.m in Sources */ = {isa = PBXBuildFile; fileRef = DACAB01512629054006DA76D /* TestNumber.m */; };
		DACAB02512629054006DA76D /* TestString.m in Sources */ = {isa = PBXBuildFile; fileRef = DACAB01612629054006DA76D /* TestString.m */; };
		DACAB02612629054006DA76D /* TestActionSheetBlock.m in Sources */ = {isa = PBXBuildFile; fileRef = DACAB00512629054006DA76D /* TestActionSheetBlock.m */; };
		DACAB02712629054006DA76D /* TestArrayBlock.m in Sources */ = {isa = PBXBuildFile; fileRef = DACAB00612629054006DA76D /* TestArrayBlock.m */; };
		DACAB02812629054006DA76D /* TestAsync.m in Sources */ = {isa = PBXBuildFile; fileRef = DACAB00712629054006DA76D /* TestAsync.m */; };
		DACAB02912629054006DA76D /* TestBlock.m in Sources */ = {isa = PBXBuildFile; fileRef = DACAB00812629054006DA76D /* TestBlock.m */; };
		DACAB02A12629054006DA76D /* TestDictionaryBlock.m in Sources */ = {isa = PBXBuildFile; fileRef = DACAB00912629054006DA76D /* TestDictionaryBlock.m */; };
		DACAB02B12629054006DA76D /* TestNumberBlock.m in Sources */ = {isa = PBXBuildFile; fileRef = DACAB00A12629054006DA76D /* TestNumberBlock.m */; };
		DACAB02C12629054006DA76D /* TestObserver.m in Sources */ = {isa = PBXBuildFile; fileRef = DACAB00C12629054006DA76D /* TestObserver.m */; };
		DACAB02D12629054006DA76D /* TestView.m in Sources */ = {isa = PBXBuildFile; fileRef = DACAB00D12629054006DA76D /* TestView.m */; };
		DACAB02E12629054006DA76D /* TestConsole.m in Sources */ = {isa = PBXBuildFile; fileRef = DACAB01012629054006DA76D /* TestConsole.m */; };
		DACAB02F12629054006DA76D /* TestArray.m in Sources */ = {isa = PBXBuildFile; fileRef = DACAB01212629054006DA76D /* TestArray.m */; };
		DACAB03012629054006DA76D /* TestDate.m in Sources */ = {isa = PBXBuildFile; fileRef = DACAB01312629054006DA76D /* TestDate.m */; };
		DACAB03112629054006DA76D /* TestDictionary.m in Sources */ = {isa = PBXBuildFile; fileRef = DACAB01412629054006DA76D /* TestDictionary.m */; };
		DACAB03212629054006DA76D /* TestNumber.m in Sources */ = {isa = PBXBuildFile; fileRef = DACAB01512629054006DA76D /* TestNumber.m */; };
		DACAB03312629054006DA76D /* TestString.m in Sources */ = {isa = PBXBuildFile; fileRef = DACAB01612629054006DA76D /* TestString.m */; };
		DADD7EE51260AE2C0040E482 /* UIControlViewController.m in Sources */ = {isa = PBXBuildFile; fileRef = DADD7EE31260AE2C0040E482 /* UIControlViewController.m */; };
		DADD7EE61260AE2C0040E482 /* UIControlViewController.xib in Resources */ = {isa = PBXBuildFile; fileRef = DADD7EE41260AE2C0040E482 /* UIControlViewController.xib */; };
		DAEBFD1D125B7B610070A3A7 /* README in Resources */ = {isa = PBXBuildFile; fileRef = DAEBFD1C125B7B610070A3A7 /* README */; };
/* End PBXBuildFile section */

/* Begin PBXFileReference section */
		1D30AB110D05D00D00671497 /* Foundation.framework */ = {isa = PBXFileReference; lastKnownFileType = wrapper.framework; name = Foundation.framework; path = System/Library/Frameworks/Foundation.framework; sourceTree = SDKROOT; };
		1D3623240D0F684500981E51 /* TestAppAppDelegate.h */ = {isa = PBXFileReference; fileEncoding = 4; lastKnownFileType = sourcecode.c.h; path = TestAppAppDelegate.h; sourceTree = "<group>"; };
		1D3623250D0F684500981E51 /* TestAppAppDelegate.m */ = {isa = PBXFileReference; fileEncoding = 4; lastKnownFileType = sourcecode.c.objc; path = TestAppAppDelegate.m; sourceTree = "<group>"; };
		1D6058910D05DD3D006BFB54 /* TestApp.app */ = {isa = PBXFileReference; explicitFileType = wrapper.application; includeInIndex = 0; path = TestApp.app; sourceTree = BUILT_PRODUCTS_DIR; };
		1DF5F4DF0D08C38300B7A737 /* UIKit.framework */ = {isa = PBXFileReference; lastKnownFileType = wrapper.framework; name = UIKit.framework; path = System/Library/Frameworks/UIKit.framework; sourceTree = SDKROOT; };
		2892E40F0DC94CBA00A64D0F /* CoreGraphics.framework */ = {isa = PBXFileReference; lastKnownFileType = wrapper.framework; name = CoreGraphics.framework; path = System/Library/Frameworks/CoreGraphics.framework; sourceTree = SDKROOT; };
		28A0AAE50D9B0CCF005BE974 /* TestApp_Prefix.pch */ = {isa = PBXFileReference; fileEncoding = 4; lastKnownFileType = sourcecode.c.h; path = TestApp_Prefix.pch; sourceTree = "<group>"; };
		28AD735F0D9D9599002E5188 /* MainWindow.xib */ = {isa = PBXFileReference; lastKnownFileType = file.xib; name = MainWindow.xib; path = ../MainWindow.xib; sourceTree = "<group>"; };
		28C286DF0D94DF7D0034E888 /* RootViewController.h */ = {isa = PBXFileReference; fileEncoding = 4; lastKnownFileType = sourcecode.c.h; path = RootViewController.h; sourceTree = "<group>"; };
		28C286E00D94DF7D0034E888 /* RootViewController.m */ = {isa = PBXFileReference; fileEncoding = 4; lastKnownFileType = sourcecode.c.objc; path = RootViewController.m; sourceTree = "<group>"; };
		28F335F01007B36200424DE2 /* RootViewController.xib */ = {isa = PBXFileReference; lastKnownFileType = file.xib; name = RootViewController.xib; path = ../RootViewController.xib; sourceTree = "<group>"; };
		29B97316FDCFA39411CA2CEA /* main.m */ = {isa = PBXFileReference; fileEncoding = 4; lastKnownFileType = sourcecode.c.objc; path = main.m; sourceTree = "<group>"; };
		8D1107310486CEB800E47090 /* TestApp-Info.plist */ = {isa = PBXFileReference; fileEncoding = 4; lastKnownFileType = text.plist.xml; path = "TestApp-Info.plist"; plistStructureDefinitionIdentifier = "com.apple.xcode.plist.structure-definition.iphone.info-plist"; sourceTree = "<group>"; };
		DA054F6D125DDD3600660097 /* CFNetwork.framework */ = {isa = PBXFileReference; lastKnownFileType = wrapper.framework; name = CFNetwork.framework; path = System/Library/Frameworks/CFNetwork.framework; sourceTree = SDKROOT; };
		DA210A7A126207A400FBBE35 /* Default.png */ = {isa = PBXFileReference; lastKnownFileType = image.png; path = Default.png; sourceTree = "<group>"; };
		DA210A7B126207A400FBBE35 /* Icon.png */ = {isa = PBXFileReference; lastKnownFileType = image.png; path = Icon.png; sourceTree = "<group>"; };
		DA210A7F126207AE00FBBE35 /* Default.png */ = {isa = PBXFileReference; lastKnownFileType = image.png; path = Default.png; sourceTree = "<group>"; };
		DA210A80126207AE00FBBE35 /* Icon.png */ = {isa = PBXFileReference; lastKnownFileType = image.png; path = Icon.png; sourceTree = "<group>"; };
		DA210AD112620AC100FBBE35 /* calculator.png */ = {isa = PBXFileReference; lastKnownFileType = image.png; path = calculator.png; sourceTree = "<group>"; };
		DA210AD212620AC100FBBE35 /* trend.png */ = {isa = PBXFileReference; lastKnownFileType = image.png; path = trend.png; sourceTree = "<group>"; };
		DA44AF941261FC68000F7374 /* TabBarApp.app */ = {isa = PBXFileReference; explicitFileType = wrapper.application; includeInIndex = 0; path = TabBarApp.app; sourceTree = BUILT_PRODUCTS_DIR; };
		DA44AF961261FC69000F7374 /* TabBarApp-Info.plist */ = {isa = PBXFileReference; lastKnownFileType = text.plist.xml; path = "TabBarApp-Info.plist"; sourceTree = "<group>"; };
		DA44AF991261FCD6000F7374 /* TabBarMainWindow.xib */ = {isa = PBXFileReference; lastKnownFileType = file.xib; name = TabBarMainWindow.xib; path = ../TabBarMainWindow.xib; sourceTree = "<group>"; };
		DA44AFAD1261FDA5000F7374 /* TabBarAppAppDelegate.h */ = {isa = PBXFileReference; fileEncoding = 4; lastKnownFileType = sourcecode.c.h; path = TabBarAppAppDelegate.h; sourceTree = "<group>"; };
		DA44AFAE1261FDA5000F7374 /* TabBarAppAppDelegate.m */ = {isa = PBXFileReference; fileEncoding = 4; lastKnownFileType = sourcecode.c.objc; path = TabBarAppAppDelegate.m; sourceTree = "<group>"; };
		DA44B0111261FFBF000F7374 /* AppDelegate.h */ = {isa = PBXFileReference; fileEncoding = 4; lastKnownFileType = sourcecode.c.h; path = AppDelegate.h; sourceTree = "<group>"; };
		DA44B0121261FFBF000F7374 /* AppDelegate.m */ = {isa = PBXFileReference; fileEncoding = 4; lastKnownFileType = sourcecode.c.objc; path = AppDelegate.m; sourceTree = "<group>"; };
		DAA63F611261AC140010F870 /* English */ = {isa = PBXFileReference; fileEncoding = 4; lastKnownFileType = text.plist.strings; name = English; path = English.lproj/InfoPlist.strings; sourceTree = "<group>"; };
		DAA63F631261AC140010F870 /* English */ = {isa = PBXFileReference; fileEncoding = 4; lastKnownFileType = text.plist.strings; name = English; path = English.lproj/Localizable.strings; sourceTree = "<group>"; };
		DAA63F641261AC140010F870 /* Korean */ = {isa = PBXFileReference; fileEncoding = 4; lastKnownFileType = text.plist.strings; name = Korean; path = Korean.lproj/InfoPlist.strings; sourceTree = "<group>"; };
		DAA63F651261AC140010F870 /* Korean */ = {isa = PBXFileReference; fileEncoding = 4; lastKnownFileType = text.plist.strings; name = Korean; path = Korean.lproj/Localizable.strings; sourceTree = "<group>"; };
		DAA63F661261AC140010F870 /* Spanish */ = {isa = PBXFileReference; fileEncoding = 4; lastKnownFileType = text.plist.strings; name = Spanish; path = Spanish.lproj/InfoPlist.strings; sourceTree = "<group>"; };
		DAA63F671261AC140010F870 /* Spanish */ = {isa = PBXFileReference; fileEncoding = 4; lastKnownFileType = text.plist.strings; name = Spanish; path = Spanish.lproj/Localizable.strings; sourceTree = "<group>"; };
		DACAAF4212629000006DA76D /* Async.h */ = {isa = PBXFileReference; fileEncoding = 4; lastKnownFileType = sourcecode.c.h; path = Async.h; sourceTree = "<group>"; };
		DACAAF4312629000006DA76D /* Async.m */ = {isa = PBXFileReference; fileEncoding = 4; lastKnownFileType = sourcecode.c.objc; path = Async.m; sourceTree = "<group>"; };
		DACAAF4412629000006DA76D /* NSArrayBlock.h */ = {isa = PBXFileReference; fileEncoding = 4; lastKnownFileType = sourcecode.c.h; path = NSArrayBlock.h; sourceTree = "<group>"; };
		DACAAF4512629000006DA76D /* NSArrayBlock.m */ = {isa = PBXFileReference; fileEncoding = 4; lastKnownFileType = sourcecode.c.objc; path = NSArrayBlock.m; sourceTree = "<group>"; };
		DACAAF4612629000006DA76D /* NSDictionaryBlock.h */ = {isa = PBXFileReference; fileEncoding = 4; lastKnownFileType = sourcecode.c.h; path = NSDictionaryBlock.h; sourceTree = "<group>"; };
		DACAAF4712629000006DA76D /* NSDictionaryBlock.m */ = {isa = PBXFileReference; fileEncoding = 4; lastKnownFileType = sourcecode.c.objc; path = NSDictionaryBlock.m; sourceTree = "<group>"; };
		DACAAF4812629000006DA76D /* NSNumberBlock.h */ = {isa = PBXFileReference; fileEncoding = 4; lastKnownFileType = sourcecode.c.h; path = NSNumberBlock.h; sourceTree = "<group>"; };
		DACAAF4912629000006DA76D /* NSNumberBlock.m */ = {isa = PBXFileReference; fileEncoding = 4; lastKnownFileType = sourcecode.c.objc; path = NSNumberBlock.m; sourceTree = "<group>"; };
		DACAAF4B12629000006DA76D /* NSObjectObserverExt.h */ = {isa = PBXFileReference; fileEncoding = 4; lastKnownFileType = sourcecode.c.h; path = NSObjectObserverExt.h; sourceTree = "<group>"; };
		DACAAF4C12629000006DA76D /* NSObjectObserverExt.m */ = {isa = PBXFileReference; fileEncoding = 4; lastKnownFileType = sourcecode.c.objc; path = NSObjectObserverExt.m; sourceTree = "<group>"; };
		DACAAF4D12629000006DA76D /* Observer.h */ = {isa = PBXFileReference; fileEncoding = 4; lastKnownFileType = sourcecode.c.h; path = Observer.h; sourceTree = "<group>"; };
		DACAAF4E12629000006DA76D /* Observer.m */ = {isa = PBXFileReference; fileEncoding = 4; lastKnownFileType = sourcecode.c.objc; path = Observer.m; sourceTree = "<group>"; };
		DACAAF4F12629000006DA76D /* ObserverManager.h */ = {isa = PBXFileReference; fileEncoding = 4; lastKnownFileType = sourcecode.c.h; path = ObserverManager.h; sourceTree = "<group>"; };
		DACAAF5012629000006DA76D /* ObserverManager.m */ = {isa = PBXFileReference; fileEncoding = 4; lastKnownFileType = sourcecode.c.objc; path = ObserverManager.m; sourceTree = "<group>"; };
		DACAAF5112629000006DA76D /* ProxyMutableDictionary.h */ = {isa = PBXFileReference; fileEncoding = 4; lastKnownFileType = sourcecode.c.h; path = ProxyMutableDictionary.h; sourceTree = "<group>"; };
		DACAAF5212629000006DA76D /* ProxyMutableDictionary.m */ = {isa = PBXFileReference; fileEncoding = 4; lastKnownFileType = sourcecode.c.objc; path = ProxyMutableDictionary.m; sourceTree = "<group>"; };
		DACAAF5612629000006DA76D /* CommandManager.h */ = {isa = PBXFileReference; fileEncoding = 4; lastKnownFileType = sourcecode.c.h; path = CommandManager.h; sourceTree = "<group>"; };
		DACAAF5712629000006DA76D /* CommandManager.m */ = {isa = PBXFileReference; fileEncoding = 4; lastKnownFileType = sourcecode.c.objc; path = CommandManager.m; sourceTree = "<group>"; };
		DACAAF5812629000006DA76D /* ConsoleManager.h */ = {isa = PBXFileReference; fileEncoding = 4; lastKnownFileType = sourcecode.c.h; path = ConsoleManager.h; sourceTree = "<group>"; };
		DACAAF5912629000006DA76D /* ConsoleManager.m */ = {isa = PBXFileReference; fileEncoding = 4; lastKnownFileType = sourcecode.c.objc; path = ConsoleManager.m; sourceTree = "<group>"; };
		DACAAF5A12629000006DA76D /* NSObjectSetValueFromString.h */ = {isa = PBXFileReference; fileEncoding = 4; lastKnownFileType = sourcecode.c.h; path = NSObjectSetValueFromString.h; sourceTree = "<group>"; };
		DACAAF5B12629000006DA76D /* NSObjectSetValueFromString.m */ = {isa = PBXFileReference; fileEncoding = 4; lastKnownFileType = sourcecode.c.objc; path = NSObjectSetValueFromString.m; sourceTree = "<group>"; };
		DACAAF5C12629000006DA76D /* NSObjectValueToString.h */ = {isa = PBXFileReference; fileEncoding = 4; lastKnownFileType = sourcecode.c.h; path = NSObjectValueToString.h; sourceTree = "<group>"; };
		DACAAF5D12629000006DA76D /* NSObjectValueToString.m */ = {isa = PBXFileReference; fileEncoding = 4; lastKnownFileType = sourcecode.c.objc; path = NSObjectValueToString.m; sourceTree = "<group>"; };
		DACAAF6012629000006DA76D /* ConsoleResponseHandler.h */ = {isa = PBXFileReference; fileEncoding = 4; lastKnownFileType = sourcecode.c.h; path = ConsoleResponseHandler.h; sourceTree = "<group>"; };
		DACAAF6112629000006DA76D /* ConsoleResponseHandler.m */ = {isa = PBXFileReference; fileEncoding = 4; lastKnownFileType = sourcecode.c.objc; path = ConsoleResponseHandler.m; sourceTree = "<group>"; };
		DACAAF6212629000006DA76D /* HTTPResponseHandler.h */ = {isa = PBXFileReference; fileEncoding = 4; lastKnownFileType = sourcecode.c.h; path = HTTPResponseHandler.h; sourceTree = "<group>"; };
		DACAAF6312629000006DA76D /* HTTPResponseHandler.m */ = {isa = PBXFileReference; fileEncoding = 4; lastKnownFileType = sourcecode.c.objc; path = HTTPResponseHandler.m; sourceTree = "<group>"; };
		DACAAF6412629000006DA76D /* ImageResponseHandler.h */ = {isa = PBXFileReference; fileEncoding = 4; lastKnownFileType = sourcecode.c.h; path = ImageResponseHandler.h; sourceTree = "<group>"; };
		DACAAF6512629000006DA76D /* ImageResponseHandler.m */ = {isa = PBXFileReference; fileEncoding = 4; lastKnownFileType = sourcecode.c.objc; path = ImageResponseHandler.m; sourceTree = "<group>"; };
		DACAAF6612629000006DA76D /* WebResponseHandler.h */ = {isa = PBXFileReference; fileEncoding = 4; lastKnownFileType = sourcecode.c.h; path = WebResponseHandler.h; sourceTree = "<group>"; };
		DACAAF6712629000006DA76D /* WebResponseHandler.m */ = {isa = PBXFileReference; fileEncoding = 4; lastKnownFileType = sourcecode.c.objc; path = WebResponseHandler.m; sourceTree = "<group>"; };
		DACAAF6912629000006DA76D /* AsyncSocket.h */ = {isa = PBXFileReference; fileEncoding = 4; lastKnownFileType = sourcecode.c.h; path = AsyncSocket.h; sourceTree = "<group>"; };
		DACAAF6A12629000006DA76D /* AsyncSocket.m */ = {isa = PBXFileReference; fileEncoding = 4; lastKnownFileType = sourcecode.c.objc; path = AsyncSocket.m; sourceTree = "<group>"; };
		DACAAF6B12629000006DA76D /* HTTPServer.h */ = {isa = PBXFileReference; fileEncoding = 4; lastKnownFileType = sourcecode.c.h; path = HTTPServer.h; sourceTree = "<group>"; };
		DACAAF6C12629000006DA76D /* HTTPServer.m */ = {isa = PBXFileReference; fileEncoding = 4; lastKnownFileType = sourcecode.c.objc; path = HTTPServer.m; sourceTree = "<group>"; };
		DACAAF6D12629000006DA76D /* LoggerServer.h */ = {isa = PBXFileReference; fileEncoding = 4; lastKnownFileType = sourcecode.c.h; path = LoggerServer.h; sourceTree = "<group>"; };
		DACAAF6E12629000006DA76D /* LoggerServer.m */ = {isa = PBXFileReference; fileEncoding = 4; lastKnownFileType = sourcecode.c.objc; path = LoggerServer.m; sourceTree = "<group>"; };
		DACAAF7412629000006DA76D /* ExtHeaders.h */ = {isa = PBXFileReference; fileEncoding = 4; lastKnownFileType = sourcecode.c.h; path = ExtHeaders.h; sourceTree = "<group>"; };
		DACAAF7512629000006DA76D /* GeometryExt.h */ = {isa = PBXFileReference; fileEncoding = 4; lastKnownFileType = sourcecode.c.h; path = GeometryExt.h; sourceTree = "<group>"; };
		DACAAF7612629000006DA76D /* GeometryExt.m */ = {isa = PBXFileReference; fileEncoding = 4; lastKnownFileType = sourcecode.c.objc; path = GeometryExt.m; sourceTree = "<group>"; };
		DACAAF7712629000006DA76D /* iPadExt.h */ = {isa = PBXFileReference; fileEncoding = 4; lastKnownFileType = sourcecode.c.h; path = iPadExt.h; sourceTree = "<group>"; };
		DACAAF7812629000006DA76D /* NSArrayExt.h */ = {isa = PBXFileReference; fileEncoding = 4; lastKnownFileType = sourcecode.c.h; path = NSArrayExt.h; sourceTree = "<group>"; };
		DACAAF7912629000006DA76D /* NSArrayExt.m */ = {isa = PBXFileReference; fileEncoding = 4; lastKnownFileType = sourcecode.c.objc; path = NSArrayExt.m; sourceTree = "<group>"; };
		DACAAF7A12629000006DA76D /* NSBundleExt.h */ = {isa = PBXFileReference; fileEncoding = 4; lastKnownFileType = sourcecode.c.h; path = NSBundleExt.h; sourceTree = "<group>"; };
		DACAAF7B12629000006DA76D /* NSBundleExt.m */ = {isa = PBXFileReference; fileEncoding = 4; lastKnownFileType = sourcecode.c.objc; path = NSBundleExt.m; sourceTree = "<group>"; };
		DACAAF7C12629000006DA76D /* NSDataExt.h */ = {isa = PBXFileReference; fileEncoding = 4; lastKnownFileType = sourcecode.c.h; path = NSDataExt.h; sourceTree = "<group>"; };
		DACAAF7D12629000006DA76D /* NSDataExt.m */ = {isa = PBXFileReference; fileEncoding = 4; lastKnownFileType = sourcecode.c.objc; path = NSDataExt.m; sourceTree = "<group>"; };
		DACAAF7E12629000006DA76D /* NSDateExt.h */ = {isa = PBXFileReference; fileEncoding = 4; lastKnownFileType = sourcecode.c.h; path = NSDateExt.h; sourceTree = "<group>"; };
		DACAAF7F12629000006DA76D /* NSDateExt.m */ = {isa = PBXFileReference; fileEncoding = 4; lastKnownFileType = sourcecode.c.objc; path = NSDateExt.m; sourceTree = "<group>"; };
		DACAAF8012629000006DA76D /* NSDictionaryExt.h */ = {isa = PBXFileReference; fileEncoding = 4; lastKnownFileType = sourcecode.c.h; path = NSDictionaryExt.h; sourceTree = "<group>"; };
		DACAAF8112629000006DA76D /* NSDictionaryExt.m */ = {isa = PBXFileReference; fileEncoding = 4; lastKnownFileType = sourcecode.c.objc; path = NSDictionaryExt.m; sourceTree = "<group>"; };
		DACAAF8212629000006DA76D /* NSIndexPathExt.h */ = {isa = PBXFileReference; fileEncoding = 4; lastKnownFileType = sourcecode.c.h; path = NSIndexPathExt.h; sourceTree = "<group>"; };
		DACAAF8312629000006DA76D /* NSIndexPathExt.m */ = {isa = PBXFileReference; fileEncoding = 4; lastKnownFileType = sourcecode.c.objc; path = NSIndexPathExt.m; sourceTree = "<group>"; };
		DACAAF8412629000006DA76D /* NSLocaleExt.h */ = {isa = PBXFileReference; fileEncoding = 4; lastKnownFileType = sourcecode.c.h; path = NSLocaleExt.h; sourceTree = "<group>"; };
		DACAAF8512629000006DA76D /* NSMutableArrayExt.h */ = {isa = PBXFileReference; fileEncoding = 4; lastKnownFileType = sourcecode.c.h; path = NSMutableArrayExt.h; sourceTree = "<group>"; };
		DACAAF8612629000006DA76D /* NSMutableArrayExt.m */ = {isa = PBXFileReference; fileEncoding = 4; lastKnownFileType = sourcecode.c.objc; path = NSMutableArrayExt.m; sourceTree = "<group>"; };
		DACAAF8712629000006DA76D /* NSMutableDictionaryExt.h */ = {isa = PBXFileReference; fileEncoding = 4; lastKnownFileType = sourcecode.c.h; path = NSMutableDictionaryExt.h; sourceTree = "<group>"; };
		DACAAF8812629000006DA76D /* NSMutableDictionaryExt.m */ = {isa = PBXFileReference; fileEncoding = 4; lastKnownFileType = sourcecode.c.objc; path = NSMutableDictionaryExt.m; sourceTree = "<group>"; };
		DACAAF8912629000006DA76D /* NSNumberExt.h */ = {isa = PBXFileReference; fileEncoding = 4; lastKnownFileType = sourcecode.c.h; path = NSNumberExt.h; sourceTree = "<group>"; };
		DACAAF8A12629000006DA76D /* NSNumberExt.m */ = {isa = PBXFileReference; fileEncoding = 4; lastKnownFileType = sourcecode.c.objc; path = NSNumberExt.m; sourceTree = "<group>"; };
		DACAAF8B12629000006DA76D /* NSObjectExt.h */ = {isa = PBXFileReference; fileEncoding = 4; lastKnownFileType = sourcecode.c.h; path = NSObjectExt.h; sourceTree = "<group>"; };
		DACAAF8C12629000006DA76D /* NSObjectExt.m */ = {isa = PBXFileReference; fileEncoding = 4; lastKnownFileType = sourcecode.c.objc; path = NSObjectExt.m; sourceTree = "<group>"; };
		DACAAF8D12629000006DA76D /* NSStringExt.h */ = {isa = PBXFileReference; fileEncoding = 4; lastKnownFileType = sourcecode.c.h; path = NSStringExt.h; sourceTree = "<group>"; };
		DACAAF8E12629000006DA76D /* NSStringExt.m */ = {isa = PBXFileReference; fileEncoding = 4; lastKnownFileType = sourcecode.c.objc; path = NSStringExt.m; sourceTree = "<group>"; };
		DACAAF8F12629000006DA76D /* NSTimerExt.h */ = {isa = PBXFileReference; fileEncoding = 4; lastKnownFileType = sourcecode.c.h; path = NSTimerExt.h; sourceTree = "<group>"; };
		DACAAF9012629000006DA76D /* NSTimerExt.m */ = {isa = PBXFileReference; fileEncoding = 4; lastKnownFileType = sourcecode.c.objc; path = NSTimerExt.m; sourceTree = "<group>"; };
		DACAAF9112629000006DA76D /* Numero.h */ = {isa = PBXFileReference; fileEncoding = 4; lastKnownFileType = sourcecode.c.h; path = Numero.h; sourceTree = "<group>"; };
		DACAAF9312629000006DA76D /* UIActionSheetBlock.h */ = {isa = PBXFileReference; fileEncoding = 4; lastKnownFileType = sourcecode.c.h; path = UIActionSheetBlock.h; sourceTree = "<group>"; };
		DACAAF9412629000006DA76D /* UIActionSheetBlock.m */ = {isa = PBXFileReference; fileEncoding = 4; lastKnownFileType = sourcecode.c.objc; path = UIActionSheetBlock.m; sourceTree = "<group>"; };
		DACAAF9512629000006DA76D /* UIAlertViewBlock.h */ = {isa = PBXFileReference; fileEncoding = 4; lastKnownFileType = sourcecode.c.h; path = UIAlertViewBlock.h; sourceTree = "<group>"; };
		DACAAF9612629000006DA76D /* UIAlertViewBlock.m */ = {isa = PBXFileReference; fileEncoding = 4; lastKnownFileType = sourcecode.c.objc; path = UIAlertViewBlock.m; sourceTree = "<group>"; };
		DACAAF9712629000006DA76D /* UIBarButtonItemBlock.h */ = {isa = PBXFileReference; fileEncoding = 4; lastKnownFileType = sourcecode.c.h; path = UIBarButtonItemBlock.h; sourceTree = "<group>"; };
		DACAAF9812629000006DA76D /* UIBarButtonItemBlock.m */ = {isa = PBXFileReference; fileEncoding = 4; lastKnownFileType = sourcecode.c.objc; path = UIBarButtonItemBlock.m; sourceTree = "<group>"; };
		DACAAF9912629000006DA76D /* UIButtonBlock.h */ = {isa = PBXFileReference; fileEncoding = 4; lastKnownFileType = sourcecode.c.h; path = UIButtonBlock.h; sourceTree = "<group>"; };
		DACAAF9A12629000006DA76D /* UIButtonBlock.m */ = {isa = PBXFileReference; fileEncoding = 4; lastKnownFileType = sourcecode.c.objc; path = UIButtonBlock.m; sourceTree = "<group>"; };
		DACAAF9D12629000006DA76D /* UIViewBlock.h */ = {isa = PBXFileReference; fileEncoding = 4; lastKnownFileType = sourcecode.c.h; path = UIViewBlock.h; sourceTree = "<group>"; };
		DACAAF9E12629000006DA76D /* UIViewBlock.m */ = {isa = PBXFileReference; fileEncoding = 4; lastKnownFileType = sourcecode.c.objc; path = UIViewBlock.m; sourceTree = "<group>"; };
		DACAAFA012629000006DA76D /* Inspect.h */ = {isa = PBXFileReference; fileEncoding = 4; lastKnownFileType = sourcecode.c.h; path = Inspect.h; sourceTree = "<group>"; };
		DACAAFA112629000006DA76D /* Inspect.m */ = {isa = PBXFileReference; fileEncoding = 4; lastKnownFileType = sourcecode.c.objc; path = Inspect.m; sourceTree = "<group>"; };
		DACAAFA212629000006DA76D /* Logger.h */ = {isa = PBXFileReference; fileEncoding = 4; lastKnownFileType = sourcecode.c.h; path = Logger.h; sourceTree = "<group>"; };
		DACAAFA312629000006DA76D /* Logger.m */ = {isa = PBXFileReference; fileEncoding = 4; lastKnownFileType = sourcecode.c.objc; path = Logger.m; sourceTree = "<group>"; };
		DACAAFA412629000006DA76D /* UnitTest.h */ = {isa = PBXFileReference; fileEncoding = 4; lastKnownFileType = sourcecode.c.h; path = UnitTest.h; sourceTree = "<group>"; };
		DACAAFA512629000006DA76D /* UnitTest.m */ = {isa = PBXFileReference; fileEncoding = 4; lastKnownFileType = sourcecode.c.objc; path = UnitTest.m; sourceTree = "<group>"; };
		DACAAFA612629000006DA76D /* UserConstants.h */ = {isa = PBXFileReference; fileEncoding = 4; lastKnownFileType = sourcecode.c.h; path = UserConstants.h; sourceTree = "<group>"; };
		DACAB00512629054006DA76D /* TestActionSheetBlock.m */ = {isa = PBXFileReference; fileEncoding = 4; lastKnownFileType = sourcecode.c.objc; path = TestActionSheetBlock.m; sourceTree = "<group>"; };
		DACAB00612629054006DA76D /* TestArrayBlock.m */ = {isa = PBXFileReference; fileEncoding = 4; lastKnownFileType = sourcecode.c.objc; path = TestArrayBlock.m; sourceTree = "<group>"; };
		DACAB00712629054006DA76D /* TestAsync.m */ = {isa = PBXFileReference; fileEncoding = 4; lastKnownFileType = sourcecode.c.objc; path = TestAsync.m; sourceTree = "<group>"; };
		DACAB00812629054006DA76D /* TestBlock.m */ = {isa = PBXFileReference; fileEncoding = 4; lastKnownFileType = sourcecode.c.objc; path = TestBlock.m; sourceTree = "<group>"; };
		DACAB00912629054006DA76D /* TestDictionaryBlock.m */ = {isa = PBXFileReference; fileEncoding = 4; lastKnownFileType = sourcecode.c.objc; path = TestDictionaryBlock.m; sourceTree = "<group>"; };
		DACAB00A12629054006DA76D /* TestNumberBlock.m */ = {isa = PBXFileReference; fileEncoding = 4; lastKnownFileType = sourcecode.c.objc; path = TestNumberBlock.m; sourceTree = "<group>"; };
		DACAB00B12629054006DA76D /* TestObserver.h */ = {isa = PBXFileReference; fileEncoding = 4; lastKnownFileType = sourcecode.c.h; path = TestObserver.h; sourceTree = "<group>"; };
		DACAB00C12629054006DA76D /* TestObserver.m */ = {isa = PBXFileReference; fileEncoding = 4; lastKnownFileType = sourcecode.c.objc; path = TestObserver.m; sourceTree = "<group>"; };
		DACAB00D12629054006DA76D /* TestView.m */ = {isa = PBXFileReference; fileEncoding = 4; lastKnownFileType = sourcecode.c.objc; path = TestView.m; sourceTree = "<group>"; };
		DACAB00F12629054006DA76D /* TestConsole.h */ = {isa = PBXFileReference; fileEncoding = 4; lastKnownFileType = sourcecode.c.h; path = TestConsole.h; sourceTree = "<group>"; };
		DACAB01012629054006DA76D /* TestConsole.m */ = {isa = PBXFileReference; fileEncoding = 4; lastKnownFileType = sourcecode.c.objc; path = TestConsole.m; sourceTree = "<group>"; };
		DACAB01212629054006DA76D /* TestArray.m */ = {isa = PBXFileReference; fileEncoding = 4; lastKnownFileType = sourcecode.c.objc; path = TestArray.m; sourceTree = "<group>"; };
		DACAB01312629054006DA76D /* TestDate.m */ = {isa = PBXFileReference; fileEncoding = 4; lastKnownFileType = sourcecode.c.objc; path = TestDate.m; sourceTree = "<group>"; };
		DACAB01412629054006DA76D /* TestDictionary.m */ = {isa = PBXFileReference; fileEncoding = 4; lastKnownFileType = sourcecode.c.objc; path = TestDictionary.m; sourceTree = "<group>"; };
		DACAB01512629054006DA76D /* TestNumber.m */ = {isa = PBXFileReference; fileEncoding = 4; lastKnownFileType = sourcecode.c.objc; path = TestNumber.m; sourceTree = "<group>"; };
		DACAB01612629054006DA76D /* TestString.m */ = {isa = PBXFileReference; fileEncoding = 4; lastKnownFileType = sourcecode.c.objc; path = TestString.m; sourceTree = "<group>"; };
		DADD7EE21260AE2C0040E482 /* UIControlViewController.h */ = {isa = PBXFileReference; fileEncoding = 4; lastKnownFileType = sourcecode.c.h; path = UIControlViewController.h; sourceTree = "<group>"; };
		DADD7EE31260AE2C0040E482 /* UIControlViewController.m */ = {isa = PBXFileReference; fileEncoding = 4; lastKnownFileType = sourcecode.c.objc; path = UIControlViewController.m; sourceTree = "<group>"; };
		DADD7EE41260AE2C0040E482 /* UIControlViewController.xib */ = {isa = PBXFileReference; lastKnownFileType = file.xib; path = UIControlViewController.xib; sourceTree = "<group>"; };
		DAEBFD1C125B7B610070A3A7 /* README */ = {isa = PBXFileReference; fileEncoding = 4; lastKnownFileType = text; name = README; path = ../README; sourceTree = SOURCE_ROOT; };
/* End PBXFileReference section */

/* Begin PBXFrameworksBuildPhase section */
		1D60588F0D05DD3D006BFB54 /* Frameworks */ = {
			isa = PBXFrameworksBuildPhase;
			buildActionMask = 2147483647;
			files = (
				1D60589F0D05DD5A006BFB54 /* Foundation.framework in Frameworks */,
				1DF5F4E00D08C38300B7A737 /* UIKit.framework in Frameworks */,
				2892E4100DC94CBA00A64D0F /* CoreGraphics.framework in Frameworks */,
				DA054F6E125DDD3600660097 /* CFNetwork.framework in Frameworks */,
			);
			runOnlyForDeploymentPostprocessing = 0;
		};
		DA44AF8C1261FC68000F7374 /* Frameworks */ = {
			isa = PBXFrameworksBuildPhase;
			buildActionMask = 2147483647;
			files = (
				DA44AF8D1261FC68000F7374 /* Foundation.framework in Frameworks */,
				DA44AF8E1261FC68000F7374 /* UIKit.framework in Frameworks */,
				DA44AF8F1261FC68000F7374 /* CoreGraphics.framework in Frameworks */,
				DA44AF901261FC68000F7374 /* CFNetwork.framework in Frameworks */,
			);
			runOnlyForDeploymentPostprocessing = 0;
		};
/* End PBXFrameworksBuildPhase section */

/* Begin PBXGroup section */
		080E96DDFE201D6D7F000001 /* Classes */ = {
			isa = PBXGroup;
			children = (
				28C286DF0D94DF7D0034E888 /* RootViewController.h */,
				28C286E00D94DF7D0034E888 /* RootViewController.m */,
				28F335F01007B36200424DE2 /* RootViewController.xib */,
				DADD7EE21260AE2C0040E482 /* UIControlViewController.h */,
				DADD7EE31260AE2C0040E482 /* UIControlViewController.m */,
				DADD7EE41260AE2C0040E482 /* UIControlViewController.xib */,
			);
			path = Classes;
			sourceTree = "<group>";
		};
		19C28FACFE9D520D11CA2CBB /* Products */ = {
			isa = PBXGroup;
			children = (
				1D6058910D05DD3D006BFB54 /* TestApp.app */,
				DA44AF941261FC68000F7374 /* TabBarApp.app */,
			);
			name = Products;
			sourceTree = "<group>";
		};
		29B97314FDCFA39411CA2CEA /* CustomTemplate */ = {
			isa = PBXGroup;
			children = (
				DAEBFD1C125B7B610070A3A7 /* README */,
				DACAB00312629054006DA76D /* TestCases */,
				DACAAF4012629000006DA76D /* libcat */,
				080E96DDFE201D6D7F000001 /* Classes */,
				DA44AFF11261FF25000F7374 /* MainWindow */,
				29B97315FDCFA39411CA2CEA /* Other Sources */,
				29B97317FDCFA39411CA2CEA /* Resources */,
				29B97323FDCFA39411CA2CEA /* Frameworks */,
				19C28FACFE9D520D11CA2CBB /* Products */,
			);
			name = CustomTemplate;
			sourceTree = "<group>";
		};
		29B97315FDCFA39411CA2CEA /* Other Sources */ = {
			isa = PBXGroup;
			children = (
				28A0AAE50D9B0CCF005BE974 /* TestApp_Prefix.pch */,
				29B97316FDCFA39411CA2CEA /* main.m */,
			);
			name = "Other Sources";
			sourceTree = "<group>";
		};
		29B97317FDCFA39411CA2CEA /* Resources */ = {
			isa = PBXGroup;
			children = (
				8D1107310486CEB800E47090 /* TestApp-Info.plist */,
				DA44AF961261FC69000F7374 /* TabBarApp-Info.plist */,
				DA44B02F12620212000F7374 /* images */,
				DAA63F5F1261AC140010F870 /* Languages */,
			);
			name = Resources;
			sourceTree = "<group>";
		};
		29B97323FDCFA39411CA2CEA /* Frameworks */ = {
			isa = PBXGroup;
			children = (
				DA054F5B125DDD2600660097 /* net */,
				1DF5F4DF0D08C38300B7A737 /* UIKit.framework */,
				1D30AB110D05D00D00671497 /* Foundation.framework */,
				2892E40F0DC94CBA00A64D0F /* CoreGraphics.framework */,
			);
			name = Frameworks;
			sourceTree = "<group>";
		};
		DA054F5B125DDD2600660097 /* net */ = {
			isa = PBXGroup;
			children = (
				DA054F6D125DDD3600660097 /* CFNetwork.framework */,
			);
			name = net;
			sourceTree = "<group>";
		};
		DA210A79126207A400FBBE35 /* TabBarApp */ = {
			isa = PBXGroup;
			children = (
				DA210AD112620AC100FBBE35 /* calculator.png */,
				DA210AD212620AC100FBBE35 /* trend.png */,
				DA210A7A126207A400FBBE35 /* Default.png */,
				DA210A7B126207A400FBBE35 /* Icon.png */,
			);
			path = TabBarApp;
			sourceTree = "<group>";
		};
		DA210A7E126207AE00FBBE35 /* TestApp */ = {
			isa = PBXGroup;
			children = (
				DA210A7F126207AE00FBBE35 /* Default.png */,
				DA210A80126207AE00FBBE35 /* Icon.png */,
			);
			path = TestApp;
			sourceTree = "<group>";
		};
		DA44AFA91261FD87000F7374 /* TestApp */ = {
			isa = PBXGroup;
			children = (
				1D3623240D0F684500981E51 /* TestAppAppDelegate.h */,
				1D3623250D0F684500981E51 /* TestAppAppDelegate.m */,
				28AD735F0D9D9599002E5188 /* MainWindow.xib */,
			);
			name = TestApp;
			sourceTree = "<group>";
		};
		DA44AFAA1261FD8E000F7374 /* TabBarApp */ = {
			isa = PBXGroup;
			children = (
				DA44AFAD1261FDA5000F7374 /* TabBarAppAppDelegate.h */,
				DA44AFAE1261FDA5000F7374 /* TabBarAppAppDelegate.m */,
				DA44AF991261FCD6000F7374 /* TabBarMainWindow.xib */,
			);
			name = TabBarApp;
			sourceTree = "<group>";
		};
		DA44AFF11261FF25000F7374 /* MainWindow */ = {
			isa = PBXGroup;
			children = (
				DA44B0111261FFBF000F7374 /* AppDelegate.h */,
				DA44B0121261FFBF000F7374 /* AppDelegate.m */,
				DA44AFA91261FD87000F7374 /* TestApp */,
				DA44AFAA1261FD8E000F7374 /* TabBarApp */,
			);
			name = MainWindow;
			path = Classes;
			sourceTree = "<group>";
		};
		DA44B02F12620212000F7374 /* images */ = {
			isa = PBXGroup;
			children = (
				DA210A7E126207AE00FBBE35 /* TestApp */,
				DA210A79126207A400FBBE35 /* TabBarApp */,
			);
			path = images;
			sourceTree = "<group>";
		};
		DAA63F5F1261AC140010F870 /* Languages */ = {
			isa = PBXGroup;
			children = (
				DAA63F601261AC140010F870 /* InfoPlist.strings */,
				DAA63F621261AC140010F870 /* Localizable.strings */,
			);
			path = Languages;
			sourceTree = "<group>";
		};
		DACAAF4012629000006DA76D /* libcat */ = {
			isa = PBXGroup;
			children = (
				DACAAF4112629000006DA76D /* Block */,
				DACAAF5312629000006DA76D /* Console */,
				DACAAF7312629000006DA76D /* Ext */,
				DACAAF9212629000006DA76D /* UIBlock */,
				DACAAF9F12629000006DA76D /* UnitTest */,
			);
			name = libcat;
			path = ../libcat;
			sourceTree = SOURCE_ROOT;
		};
		DACAAF4112629000006DA76D /* Block */ = {
			isa = PBXGroup;
			children = (
				DACAAF4212629000006DA76D /* Async.h */,
				DACAAF4312629000006DA76D /* Async.m */,
				DACAAF4412629000006DA76D /* NSArrayBlock.h */,
				DACAAF4512629000006DA76D /* NSArrayBlock.m */,
				DACAAF4612629000006DA76D /* NSDictionaryBlock.h */,
				DACAAF4712629000006DA76D /* NSDictionaryBlock.m */,
				DACAAF4812629000006DA76D /* NSNumberBlock.h */,
				DACAAF4912629000006DA76D /* NSNumberBlock.m */,
				DACAAF4A12629000006DA76D /* Observer */,
			);
			path = Block;
			sourceTree = "<group>";
		};
		DACAAF4A12629000006DA76D /* Observer */ = {
			isa = PBXGroup;
			children = (
				DACAAF4B12629000006DA76D /* NSObjectObserverExt.h */,
				DACAAF4C12629000006DA76D /* NSObjectObserverExt.m */,
				DACAAF4D12629000006DA76D /* Observer.h */,
				DACAAF4E12629000006DA76D /* Observer.m */,
				DACAAF4F12629000006DA76D /* ObserverManager.h */,
				DACAAF5012629000006DA76D /* ObserverManager.m */,
				DACAAF5112629000006DA76D /* ProxyMutableDictionary.h */,
				DACAAF5212629000006DA76D /* ProxyMutableDictionary.m */,
			);
			path = Observer;
			sourceTree = "<group>";
		};
		DACAAF5312629000006DA76D /* Console */ = {
			isa = PBXGroup;
			children = (
				DACAAF5512629000006DA76D /* manager */,
				DACAAF5E12629000006DA76D /* net */,
			);
			path = Console;
			sourceTree = "<group>";
		};
		DACAAF5512629000006DA76D /* manager */ = {
			isa = PBXGroup;
			children = (
				DACAAF5612629000006DA76D /* CommandManager.h */,
				DACAAF5712629000006DA76D /* CommandManager.m */,
				DACAAF5812629000006DA76D /* ConsoleManager.h */,
				DACAAF5912629000006DA76D /* ConsoleManager.m */,
				DACAAF5A12629000006DA76D /* NSObjectSetValueFromString.h */,
				DACAAF5B12629000006DA76D /* NSObjectSetValueFromString.m */,
				DACAAF5C12629000006DA76D /* NSObjectValueToString.h */,
				DACAAF5D12629000006DA76D /* NSObjectValueToString.m */,
			);
			path = manager;
			sourceTree = "<group>";
		};
		DACAAF5E12629000006DA76D /* net */ = {
			isa = PBXGroup;
			children = (
				DACAAF5F12629000006DA76D /* handlers */,
				DACAAF6812629000006DA76D /* servers */,
			);
			path = net;
			sourceTree = "<group>";
		};
		DACAAF5F12629000006DA76D /* handlers */ = {
			isa = PBXGroup;
			children = (
				DACAAF6012629000006DA76D /* ConsoleResponseHandler.h */,
				DACAAF6112629000006DA76D /* ConsoleResponseHandler.m */,
				DACAAF6212629000006DA76D /* HTTPResponseHandler.h */,
				DACAAF6312629000006DA76D /* HTTPResponseHandler.m */,
				DACAAF6412629000006DA76D /* ImageResponseHandler.h */,
				DACAAF6512629000006DA76D /* ImageResponseHandler.m */,
				DACAAF6612629000006DA76D /* WebResponseHandler.h */,
				DACAAF6712629000006DA76D /* WebResponseHandler.m */,
			);
			path = handlers;
			sourceTree = "<group>";
		};
		DACAAF6812629000006DA76D /* servers */ = {
			isa = PBXGroup;
			children = (
				DACAAF6912629000006DA76D /* AsyncSocket.h */,
				DACAAF6A12629000006DA76D /* AsyncSocket.m */,
				DACAAF6B12629000006DA76D /* HTTPServer.h */,
				DACAAF6C12629000006DA76D /* HTTPServer.m */,
				DACAAF6D12629000006DA76D /* LoggerServer.h */,
				DACAAF6E12629000006DA76D /* LoggerServer.m */,
			);
			path = servers;
			sourceTree = "<group>";
		};
		DACAAF7312629000006DA76D /* Ext */ = {
			isa = PBXGroup;
			children = (
				DACAAF7412629000006DA76D /* ExtHeaders.h */,
				DACAAF7512629000006DA76D /* GeometryExt.h */,
				DACAAF7612629000006DA76D /* GeometryExt.m */,
				DACAAF7712629000006DA76D /* iPadExt.h */,
				DACAAF7812629000006DA76D /* NSArrayExt.h */,
				DACAAF7912629000006DA76D /* NSArrayExt.m */,
				DACAAF7A12629000006DA76D /* NSBundleExt.h */,
				DACAAF7B12629000006DA76D /* NSBundleExt.m */,
				DACAAF7C12629000006DA76D /* NSDataExt.h */,
				DACAAF7D12629000006DA76D /* NSDataExt.m */,
				DACAAF7E12629000006DA76D /* NSDateExt.h */,
				DACAAF7F12629000006DA76D /* NSDateExt.m */,
				DACAAF8012629000006DA76D /* NSDictionaryExt.h */,
				DACAAF8112629000006DA76D /* NSDictionaryExt.m */,
				DACAAF8212629000006DA76D /* NSIndexPathExt.h */,
				DACAAF8312629000006DA76D /* NSIndexPathExt.m */,
				DACAAF8412629000006DA76D /* NSLocaleExt.h */,
				DACAAF8512629000006DA76D /* NSMutableArrayExt.h */,
				DACAAF8612629000006DA76D /* NSMutableArrayExt.m */,
				DACAAF8712629000006DA76D /* NSMutableDictionaryExt.h */,
				DACAAF8812629000006DA76D /* NSMutableDictionaryExt.m */,
				DACAAF8912629000006DA76D /* NSNumberExt.h */,
				DACAAF8A12629000006DA76D /* NSNumberExt.m */,
				DACAAF8B12629000006DA76D /* NSObjectExt.h */,
				DACAAF8C12629000006DA76D /* NSObjectExt.m */,
				DACAAF8D12629000006DA76D /* NSStringExt.h */,
				DACAAF8E12629000006DA76D /* NSStringExt.m */,
				DACAAF8F12629000006DA76D /* NSTimerExt.h */,
				DACAAF9012629000006DA76D /* NSTimerExt.m */,
				DACAAF9112629000006DA76D /* Numero.h */,
			);
			path = Ext;
			sourceTree = "<group>";
		};
		DACAAF9212629000006DA76D /* UIBlock */ = {
			isa = PBXGroup;
			children = (
				DACAAF9312629000006DA76D /* UIActionSheetBlock.h */,
				DACAAF9412629000006DA76D /* UIActionSheetBlock.m */,
				DACAAF9512629000006DA76D /* UIAlertViewBlock.h */,
				DACAAF9612629000006DA76D /* UIAlertViewBlock.m */,
				DACAAF9712629000006DA76D /* UIBarButtonItemBlock.h */,
				DACAAF9812629000006DA76D /* UIBarButtonItemBlock.m */,
				DACAAF9912629000006DA76D /* UIButtonBlock.h */,
				DACAAF9A12629000006DA76D /* UIButtonBlock.m */,
				DACAAF9D12629000006DA76D /* UIViewBlock.h */,
				DACAAF9E12629000006DA76D /* UIViewBlock.m */,
			);
			path = UIBlock;
			sourceTree = "<group>";
		};
		DACAAF9F12629000006DA76D /* UnitTest */ = {
			isa = PBXGroup;
			children = (
				DACAAFA012629000006DA76D /* Inspect.h */,
				DACAAFA112629000006DA76D /* Inspect.m */,
				DACAAFA212629000006DA76D /* Logger.h */,
				DACAAFA312629000006DA76D /* Logger.m */,
				DACAAFA412629000006DA76D /* UnitTest.h */,
				DACAAFA512629000006DA76D /* UnitTest.m */,
				DACAAFA612629000006DA76D /* UserConstants.h */,
			);
			path = UnitTest;
			sourceTree = "<group>";
		};
		DACAB00312629054006DA76D /* TestCases */ = {
			isa = PBXGroup;
			children = (
				DACAB00412629054006DA76D /* BlockTestCases */,
				DACAB00E12629054006DA76D /* ConsoleTestCases */,
				DACAB01112629054006DA76D /* ExtTestCases */,
				DACAB01712629054006DA76D /* UIBlockTestCases */,
			);
			name = TestCases;
			path = ../TestCases;
			sourceTree = SOURCE_ROOT;
		};
		DACAB00412629054006DA76D /* BlockTestCases */ = {
			isa = PBXGroup;
			children = (
				DACAB00512629054006DA76D /* TestActionSheetBlock.m */,
				DACAB00612629054006DA76D /* TestArrayBlock.m */,
				DACAB00712629054006DA76D /* TestAsync.m */,
				DACAB00812629054006DA76D /* TestBlock.m */,
				DACAB00912629054006DA76D /* TestDictionaryBlock.m */,
				DACAB00A12629054006DA76D /* TestNumberBlock.m */,
				DACAB00B12629054006DA76D /* TestObserver.h */,
				DACAB00C12629054006DA76D /* TestObserver.m */,
				DACAB00D12629054006DA76D /* TestView.m */,
			);
			path = BlockTestCases;
			sourceTree = "<group>";
		};
		DACAB00E12629054006DA76D /* ConsoleTestCases */ = {
			isa = PBXGroup;
			children = (
				DACAB00F12629054006DA76D /* TestConsole.h */,
				DACAB01012629054006DA76D /* TestConsole.m */,
			);
			path = ConsoleTestCases;
			sourceTree = "<group>";
		};
		DACAB01112629054006DA76D /* ExtTestCases */ = {
			isa = PBXGroup;
			children = (
				DACAB01212629054006DA76D /* TestArray.m */,
				DACAB01312629054006DA76D /* TestDate.m */,
				DACAB01412629054006DA76D /* TestDictionary.m */,
				DACAB01512629054006DA76D /* TestNumber.m */,
				DACAB01612629054006DA76D /* TestString.m */,
			);
			path = ExtTestCases;
			sourceTree = "<group>";
		};
		DACAB01712629054006DA76D /* UIBlockTestCases */ = {
			isa = PBXGroup;
			children = (
			);
			path = UIBlockTestCases;
			sourceTree = "<group>";
		};
/* End PBXGroup section */

/* Begin PBXNativeTarget section */
		1D6058900D05DD3D006BFB54 /* TestApp */ = {
			isa = PBXNativeTarget;
			buildConfigurationList = 1D6058960D05DD3E006BFB54 /* Build configuration list for PBXNativeTarget "TestApp" */;
			buildPhases = (
				1D60588D0D05DD3D006BFB54 /* Resources */,
				1D60588E0D05DD3D006BFB54 /* Sources */,
				1D60588F0D05DD3D006BFB54 /* Frameworks */,
			);
			buildRules = (
			);
			dependencies = (
			);
			name = TestApp;
			productName = TestApp;
			productReference = 1D6058910D05DD3D006BFB54 /* TestApp.app */;
			productType = "com.apple.product-type.application";
		};
		DA44AF4A1261FC68000F7374 /* TabBarApp */ = {
			isa = PBXNativeTarget;
			buildConfigurationList = DA44AF911261FC68000F7374 /* Build configuration list for PBXNativeTarget "TabBarApp" */;
			buildPhases = (
				DA44AF4B1261FC68000F7374 /* Resources */,
				DA44AF521261FC68000F7374 /* Sources */,
				DA44AF8C1261FC68000F7374 /* Frameworks */,
			);
			buildRules = (
			);
			dependencies = (
			);
			name = TabBarApp;
			productName = TestApp;
			productReference = DA44AF941261FC68000F7374 /* TabBarApp.app */;
			productType = "com.apple.product-type.application";
		};
/* End PBXNativeTarget section */

/* Begin PBXProject section */
		29B97313FDCFA39411CA2CEA /* Project object */ = {
			isa = PBXProject;
			buildConfigurationList = C01FCF4E08A954540054247B /* Build configuration list for PBXProject "TestApp" */;
			compatibilityVersion = "Xcode 3.1";
			developmentRegion = English;
			hasScannedForEncodings = 1;
			knownRegions = (
				English,
				Japanese,
				French,
				German,
				en,
				Korean,
				Spanish,
			);
			mainGroup = 29B97314FDCFA39411CA2CEA /* CustomTemplate */;
			projectDirPath = "";
			projectRoot = "";
			targets = (
				1D6058900D05DD3D006BFB54 /* TestApp */,
				DA44AF4A1261FC68000F7374 /* TabBarApp */,
			);
		};
/* End PBXProject section */

/* Begin PBXResourcesBuildPhase section */
		1D60588D0D05DD3D006BFB54 /* Resources */ = {
			isa = PBXResourcesBuildPhase;
			buildActionMask = 2147483647;
			files = (
				28AD73600D9D9599002E5188 /* MainWindow.xib in Resources */,
				28F335F11007B36200424DE2 /* RootViewController.xib in Resources */,
				DAEBFD1D125B7B610070A3A7 /* README in Resources */,
				DADD7EE61260AE2C0040E482 /* UIControlViewController.xib in Resources */,
				DAA63F681261AC140010F870 /* InfoPlist.strings in Resources */,
				DAA63F691261AC140010F870 /* Localizable.strings in Resources */,
				DA210A81126207AE00FBBE35 /* Default.png in Resources */,
				DA210A82126207AE00FBBE35 /* Icon.png in Resources */,
			);
			runOnlyForDeploymentPostprocessing = 0;
		};
		DA44AF4B1261FC68000F7374 /* Resources */ = {
			isa = PBXResourcesBuildPhase;
			buildActionMask = 2147483647;
			files = (
				DA44AF4D1261FC68000F7374 /* RootViewController.xib in Resources */,
				DA44AF4E1261FC68000F7374 /* README in Resources */,
				DA44AF4F1261FC68000F7374 /* UIControlViewController.xib in Resources */,
				DA44AF501261FC68000F7374 /* InfoPlist.strings in Resources */,
				DA44AF511261FC68000F7374 /* Localizable.strings in Resources */,
				DA44AF9A1261FCD6000F7374 /* TabBarMainWindow.xib in Resources */,
				DA210A7C126207A400FBBE35 /* Default.png in Resources */,
				DA210A7D126207A400FBBE35 /* Icon.png in Resources */,
				DA210AD312620AC100FBBE35 /* calculator.png in Resources */,
				DA210AD412620AC100FBBE35 /* trend.png in Resources */,
			);
			runOnlyForDeploymentPostprocessing = 0;
		};
/* End PBXResourcesBuildPhase section */

/* Begin PBXSourcesBuildPhase section */
		1D60588E0D05DD3D006BFB54 /* Sources */ = {
			isa = PBXSourcesBuildPhase;
			buildActionMask = 2147483647;
			files = (
				1D60589B0D05DD56006BFB54 /* main.m in Sources */,
				1D3623260D0F684500981E51 /* TestAppAppDelegate.m in Sources */,
				28C286E10D94DF7D0034E888 /* RootViewController.m in Sources */,
				DADD7EE51260AE2C0040E482 /* UIControlViewController.m in Sources */,
				DA210A8F126207D000FBBE35 /* AppDelegate.m in Sources */,
				DACAAFA712629000006DA76D /* Async.m in Sources */,
				DACAAFA812629000006DA76D /* NSArrayBlock.m in Sources */,
				DACAAFA912629000006DA76D /* NSDictionaryBlock.m in Sources */,
				DACAAFAA12629000006DA76D /* NSNumberBlock.m in Sources */,
				DACAAFAB12629000006DA76D /* NSObjectObserverExt.m in Sources */,
				DACAAFAC12629000006DA76D /* Observer.m in Sources */,
				DACAAFAD12629000006DA76D /* ObserverManager.m in Sources */,
				DACAAFAE12629000006DA76D /* ProxyMutableDictionary.m in Sources */,
				DACAAFB012629000006DA76D /* CommandManager.m in Sources */,
				DACAAFB112629000006DA76D /* ConsoleManager.m in Sources */,
				DACAAFB212629000006DA76D /* NSObjectSetValueFromString.m in Sources */,
				DACAAFB312629000006DA76D /* NSObjectValueToString.m in Sources */,
				DACAAFB412629000006DA76D /* ConsoleResponseHandler.m in Sources */,
				DACAAFB512629000006DA76D /* HTTPResponseHandler.m in Sources */,
				DACAAFB612629000006DA76D /* ImageResponseHandler.m in Sources */,
				DACAAFB712629000006DA76D /* WebResponseHandler.m in Sources */,
				DACAAFB812629000006DA76D /* AsyncSocket.m in Sources */,
				DACAAFB912629000006DA76D /* HTTPServer.m in Sources */,
				DACAAFBA12629000006DA76D /* LoggerServer.m in Sources */,
				DACAAFBE12629000006DA76D /* GeometryExt.m in Sources */,
				DACAAFBF12629000006DA76D /* NSArrayExt.m in Sources */,
				DACAAFC012629000006DA76D /* NSBundleExt.m in Sources */,
				DACAAFC112629000006DA76D /* NSDataExt.m in Sources */,
				DACAAFC212629000006DA76D /* NSDateExt.m in Sources */,
				DACAAFC312629000006DA76D /* NSDictionaryExt.m in Sources */,
				DACAAFC412629000006DA76D /* NSIndexPathExt.m in Sources */,
				DACAAFC512629000006DA76D /* NSMutableArrayExt.m in Sources */,
				DACAAFC612629000006DA76D /* NSMutableDictionaryExt.m in Sources */,
				DACAAFC712629000006DA76D /* NSNumberExt.m in Sources */,
				DACAAFC812629000006DA76D /* NSObjectExt.m in Sources */,
				DACAAFC912629000006DA76D /* NSStringExt.m in Sources */,
				DACAAFCA12629000006DA76D /* NSTimerExt.m in Sources */,
				DACAAFCB12629000006DA76D /* UIActionSheetBlock.m in Sources */,
				DACAAFCC12629000006DA76D /* UIAlertViewBlock.m in Sources */,
				DACAAFCD12629000006DA76D /* UIBarButtonItemBlock.m in Sources */,
				DACAAFCE12629000006DA76D /* UIButtonBlock.m in Sources */,
				DACAAFD012629000006DA76D /* UIViewBlock.m in Sources */,
				DACAAFD112629000006DA76D /* Inspect.m in Sources */,
				DACAAFD212629000006DA76D /* Logger.m in Sources */,
				DACAAFD312629000006DA76D /* UnitTest.m in Sources */,
				DACAB01812629054006DA76D /* TestActionSheetBlock.m in Sources */,
				DACAB01912629054006DA76D /* TestArrayBlock.m in Sources */,
				DACAB01A12629054006DA76D /* TestAsync.m in Sources */,
				DACAB01B12629054006DA76D /* TestBlock.m in Sources */,
				DACAB01C12629054006DA76D /* TestDictionaryBlock.m in Sources */,
				DACAB01D12629054006DA76D /* TestNumberBlock.m in Sources */,
				DACAB01E12629054006DA76D /* TestObserver.m in Sources */,
				DACAB01F12629054006DA76D /* TestView.m in Sources */,
				DACAB02012629054006DA76D /* TestConsole.m in Sources */,
				DACAB02112629054006DA76D /* TestArray.m in Sources */,
				DACAB02212629054006DA76D /* TestDate.m in Sources */,
				DACAB02312629054006DA76D /* TestDictionary.m in Sources */,
				DACAB02412629054006DA76D /* TestNumber.m in Sources */,
				DACAB02512629054006DA76D /* TestString.m in Sources */,
			);
			runOnlyForDeploymentPostprocessing = 0;
		};
		DA44AF521261FC68000F7374 /* Sources */ = {
			isa = PBXSourcesBuildPhase;
			buildActionMask = 2147483647;
			files = (
				DA44AF531261FC68000F7374 /* main.m in Sources */,
				DA44AF541261FC68000F7374 /* TestAppAppDelegate.m in Sources */,
				DA44AF551261FC68000F7374 /* RootViewController.m in Sources */,
				DA44AF8B1261FC68000F7374 /* UIControlViewController.m in Sources */,
				DA44AFAF1261FDA5000F7374 /* TabBarAppAppDelegate.m in Sources */,
				DA44B0131261FFBF000F7374 /* AppDelegate.m in Sources */,
				DACAAFD412629000006DA76D /* Async.m in Sources */,
				DACAAFD512629000006DA76D /* NSArrayBlock.m in Sources */,
				DACAAFD612629000006DA76D /* NSDictionaryBlock.m in Sources */,
				DACAAFD712629000006DA76D /* NSNumberBlock.m in Sources */,
				DACAAFD812629000006DA76D /* NSObjectObserverExt.m in Sources */,
				DACAAFD912629000006DA76D /* Observer.m in Sources */,
				DACAAFDA12629000006DA76D /* ObserverManager.m in Sources */,
				DACAAFDB12629000006DA76D /* ProxyMutableDictionary.m in Sources */,
				DACAAFDD12629000006DA76D /* CommandManager.m in Sources */,
				DACAAFDE12629000006DA76D /* ConsoleManager.m in Sources */,
				DACAAFDF12629000006DA76D /* NSObjectSetValueFromString.m in Sources */,
				DACAAFE012629000006DA76D /* NSObjectValueToString.m in Sources */,
				DACAAFE112629000006DA76D /* ConsoleResponseHandler.m in Sources */,
				DACAAFE212629000006DA76D /* HTTPResponseHandler.m in Sources */,
				DACAAFE312629000006DA76D /* ImageResponseHandler.m in Sources */,
				DACAAFE412629000006DA76D /* WebResponseHandler.m in Sources */,
				DACAAFE512629000006DA76D /* AsyncSocket.m in Sources */,
				DACAAFE612629000006DA76D /* HTTPServer.m in Sources */,
				DACAAFE712629000006DA76D /* LoggerServer.m in Sources */,
				DACAAFEB12629000006DA76D /* GeometryExt.m in Sources */,
				DACAAFEC12629000006DA76D /* NSArrayExt.m in Sources */,
				DACAAFED12629000006DA76D /* NSBundleExt.m in Sources */,
				DACAAFEE12629000006DA76D /* NSDataExt.m in Sources */,
				DACAAFEF12629000006DA76D /* NSDateExt.m in Sources */,
				DACAAFF012629000006DA76D /* NSDictionaryExt.m in Sources */,
				DACAAFF112629000006DA76D /* NSIndexPathExt.m in Sources */,
				DACAAFF212629000006DA76D /* NSMutableArrayExt.m in Sources */,
				DACAAFF312629000006DA76D /* NSMutableDictionaryExt.m in Sources */,
				DACAAFF412629000006DA76D /* NSNumberExt.m in Sources */,
				DACAAFF512629000006DA76D /* NSObjectExt.m in Sources */,
				DACAAFF612629000006DA76D /* NSStringExt.m in Sources */,
				DACAAFF712629000006DA76D /* NSTimerExt.m in Sources */,
				DACAAFF812629000006DA76D /* UIActionSheetBlock.m in Sources */,
				DACAAFF912629000006DA76D /* UIAlertViewBlock.m in Sources */,
				DACAAFFA12629000006DA76D /* UIBarButtonItemBlock.m in Sources */,
				DACAAFFB12629000006DA76D /* UIButtonBlock.m in Sources */,
				DACAAFFD12629000006DA76D /* UIViewBlock.m in Sources */,
				DACAAFFE12629000006DA76D /* Inspect.m in Sources */,
				DACAAFFF12629000006DA76D /* Logger.m in Sources */,
				DACAB00012629000006DA76D /* UnitTest.m in Sources */,
				DACAB02612629054006DA76D /* TestActionSheetBlock.m in Sources */,
				DACAB02712629054006DA76D /* TestArrayBlock.m in Sources */,
				DACAB02812629054006DA76D /* TestAsync.m in Sources */,
				DACAB02912629054006DA76D /* TestBlock.m in Sources */,
				DACAB02A12629054006DA76D /* TestDictionaryBlock.m in Sources */,
				DACAB02B12629054006DA76D /* TestNumberBlock.m in Sources */,
				DACAB02C12629054006DA76D /* TestObserver.m in Sources */,
				DACAB02D12629054006DA76D /* TestView.m in Sources */,
				DACAB02E12629054006DA76D /* TestConsole.m in Sources */,
				DACAB02F12629054006DA76D /* TestArray.m in Sources */,
				DACAB03012629054006DA76D /* TestDate.m in Sources */,
				DACAB03112629054006DA76D /* TestDictionary.m in Sources */,
				DACAB03212629054006DA76D /* TestNumber.m in Sources */,
				DACAB03312629054006DA76D /* TestString.m in Sources */,
			);
			runOnlyForDeploymentPostprocessing = 0;
		};
/* End PBXSourcesBuildPhase section */

/* Begin PBXVariantGroup section */
		DAA63F601261AC140010F870 /* InfoPlist.strings */ = {
			isa = PBXVariantGroup;
			children = (
				DAA63F611261AC140010F870 /* English */,
				DAA63F641261AC140010F870 /* Korean */,
				DAA63F661261AC140010F870 /* Spanish */,
			);
			name = InfoPlist.strings;
			sourceTree = "<group>";
		};
		DAA63F621261AC140010F870 /* Localizable.strings */ = {
			isa = PBXVariantGroup;
			children = (
				DAA63F631261AC140010F870 /* English */,
				DAA63F651261AC140010F870 /* Korean */,
				DAA63F671261AC140010F870 /* Spanish */,
			);
			name = Localizable.strings;
			sourceTree = "<group>";
		};
/* End PBXVariantGroup section */

/* Begin XCBuildConfiguration section */
		1D6058940D05DD3E006BFB54 /* Debug */ = {
			isa = XCBuildConfiguration;
			buildSettings = {
				ALWAYS_SEARCH_USER_PATHS = NO;
				COPY_PHASE_STRIP = NO;
				GCC_DYNAMIC_NO_PIC = NO;
				GCC_OPTIMIZATION_LEVEL = 0;
				GCC_PRECOMPILE_PREFIX_HEADER = YES;
				GCC_PREFIX_HEADER = TestApp_Prefix.pch;
				INFOPLIST_FILE = "TestApp-Info.plist";
				PRODUCT_NAME = TestApp;
			};
			name = Debug;
		};
		1D6058950D05DD3E006BFB54 /* Release */ = {
			isa = XCBuildConfiguration;
			buildSettings = {
				ALWAYS_SEARCH_USER_PATHS = NO;
				COPY_PHASE_STRIP = YES;
				GCC_PRECOMPILE_PREFIX_HEADER = YES;
				GCC_PREFIX_HEADER = TestApp_Prefix.pch;
				INFOPLIST_FILE = "TestApp-Info.plist";
				PRODUCT_NAME = TestApp;
				VALIDATE_PRODUCT = YES;
			};
			name = Release;
		};
		C01FCF4F08A954540054247B /* Debug */ = {
			isa = XCBuildConfiguration;
			buildSettings = {
				ARCHS = "$(ARCHS_STANDARD_32_BIT)";
				"CODE_SIGN_IDENTITY[sdk=iphoneos*]" = "iPhone Developer";
				GCC_C_LANGUAGE_STANDARD = c99;
				GCC_WARN_ABOUT_RETURN_TYPE = YES;
				GCC_WARN_UNUSED_VARIABLE = YES;
				PREBINDING = NO;
				SDKROOT = iphoneos4.1;
			};
			name = Debug;
		};
		C01FCF5008A954540054247B /* Release */ = {
			isa = XCBuildConfiguration;
			buildSettings = {
				ARCHS = "$(ARCHS_STANDARD_32_BIT)";
				"CODE_SIGN_IDENTITY[sdk=iphoneos*]" = "iPhone Developer";
				GCC_C_LANGUAGE_STANDARD = c99;
				GCC_WARN_ABOUT_RETURN_TYPE = YES;
				GCC_WARN_UNUSED_VARIABLE = YES;
				OTHER_CFLAGS = "-DNS_BLOCK_ASSERTIONS=1";
				PREBINDING = NO;
				SDKROOT = iphoneos4.1;
			};
			name = Release;
		};
		DA44AF921261FC68000F7374 /* Debug */ = {
			isa = XCBuildConfiguration;
			buildSettings = {
				ALWAYS_SEARCH_USER_PATHS = NO;
				COPY_PHASE_STRIP = NO;
				GCC_DYNAMIC_NO_PIC = NO;
				GCC_OPTIMIZATION_LEVEL = 0;
				GCC_PRECOMPILE_PREFIX_HEADER = YES;
				GCC_PREFIX_HEADER = TestApp_Prefix.pch;
				INFOPLIST_FILE = "TabBarApp-Info.plist";
				PRODUCT_NAME = TabBarApp;
			};
			name = Debug;
		};
		DA44AF931261FC68000F7374 /* Release */ = {
			isa = XCBuildConfiguration;
			buildSettings = {
				ALWAYS_SEARCH_USER_PATHS = NO;
				COPY_PHASE_STRIP = YES;
				GCC_PRECOMPILE_PREFIX_HEADER = YES;
				GCC_PREFIX_HEADER = TestApp_Prefix.pch;
				INFOPLIST_FILE = "TabBarApp-Info.plist";
				PRODUCT_NAME = TabBarApp;
				VALIDATE_PRODUCT = YES;
			};
			name = Release;
		};
/* End XCBuildConfiguration section */

/* Begin XCConfigurationList section */
		1D6058960D05DD3E006BFB54 /* Build configuration list for PBXNativeTarget "TestApp" */ = {
			isa = XCConfigurationList;
			buildConfigurations = (
				1D6058940D05DD3E006BFB54 /* Debug */,
				1D6058950D05DD3E006BFB54 /* Release */,
			);
			defaultConfigurationIsVisible = 0;
			defaultConfigurationName = Release;
		};
		C01FCF4E08A954540054247B /* Build configuration list for PBXProject "TestApp" */ = {
			isa = XCConfigurationList;
			buildConfigurations = (
				C01FCF4F08A954540054247B /* Debug */,
				C01FCF5008A954540054247B /* Release */,
			);
			defaultConfigurationIsVisible = 0;
			defaultConfigurationName = Release;
		};
		DA44AF911261FC68000F7374 /* Build configuration list for PBXNativeTarget "TabBarApp" */ = {
			isa = XCConfigurationList;
			buildConfigurations = (
				DA44AF921261FC68000F7374 /* Debug */,
				DA44AF931261FC68000F7374 /* Release */,
			);
			defaultConfigurationIsVisible = 0;
			defaultConfigurationName = Release;
		};
/* End XCConfigurationList section */
	};
	rootObject = 29B97313FDCFA39411CA2CEA /* Project object */;
}
